// !$*UTF8*$!
{
	archiveVersion = 1;
	classes = {
	};
	objectVersion = 56;
	objects = {

/* Begin PBXBuildFile section */
		5A343B182C2C541200AF758C /* WeightLineChart.swift in Sources */ = {isa = PBXBuildFile; fileRef = 5A343B172C2C541200AF758C /* WeightLineChart.swift */; };
		5A343B1B2C2C55EE00AF758C /* MockData.swift in Sources */ = {isa = PBXBuildFile; fileRef = 5A343B1A2C2C55EE00AF758C /* MockData.swift */; };
		5A343B1D2C2F048D00AF758C /* WeightDiffBarChart.swift in Sources */ = {isa = PBXBuildFile; fileRef = 5A343B1C2C2F048D00AF758C /* WeightDiffBarChart.swift */; };
		5A343B1F2C344DC000AF758C /* ChartEmptyView.swift in Sources */ = {isa = PBXBuildFile; fileRef = 5A343B1E2C344DC000AF758C /* ChartEmptyView.swift */; };
		5A343B252C3C2D8F00AF758C /* ChartContainer.swift in Sources */ = {isa = PBXBuildFile; fileRef = 5A343B242C3C2D8F00AF758C /* ChartContainer.swift */; };
		5A343B272C3D60E500AF758C /* ChartHelper.swift in Sources */ = {isa = PBXBuildFile; fileRef = 5A343B262C3D60E500AF758C /* ChartHelper.swift */; };
		5A343B292C3D64CB00AF758C /* ChartAnnotationView.swift in Sources */ = {isa = PBXBuildFile; fileRef = 5A343B282C3D64CB00AF758C /* ChartAnnotationView.swift */; };
		5AD0515E2C2084F30083E9F9 /* Step_TrackerApp.swift in Sources */ = {isa = PBXBuildFile; fileRef = 5AD0515D2C2084F30083E9F9 /* Step_TrackerApp.swift */; };
		5AD051602C2084F30083E9F9 /* DashboardView.swift in Sources */ = {isa = PBXBuildFile; fileRef = 5AD0515F2C2084F30083E9F9 /* DashboardView.swift */; };
		5AD051622C2084F40083E9F9 /* Assets.xcassets in Resources */ = {isa = PBXBuildFile; fileRef = 5AD051612C2084F40083E9F9 /* Assets.xcassets */; };
		5AD051652C2084F40083E9F9 /* Preview Assets.xcassets in Resources */ = {isa = PBXBuildFile; fileRef = 5AD051642C2084F40083E9F9 /* Preview Assets.xcassets */; };
		5AD0516C2C2323980083E9F9 /* HealthDataListView.swift in Sources */ = {isa = PBXBuildFile; fileRef = 5AD0516B2C2323980083E9F9 /* HealthDataListView.swift */; };
		5AD0516E2C2330240083E9F9 /* HealthKitPremissionPrimingView.swift in Sources */ = {isa = PBXBuildFile; fileRef = 5AD0516D2C2330240083E9F9 /* HealthKitPremissionPrimingView.swift */; };
		5AD051712C244C150083E9F9 /* HealthKitManager.swift in Sources */ = {isa = PBXBuildFile; fileRef = 5AD051702C244C150083E9F9 /* HealthKitManager.swift */; };
		5AD051732C247BB50083E9F9 /* HealthMetric.swift in Sources */ = {isa = PBXBuildFile; fileRef = 5AD051722C247BB50083E9F9 /* HealthMetric.swift */; };
		5AD051752C29A70B0083E9F9 /* StepBarChart.swift in Sources */ = {isa = PBXBuildFile; fileRef = 5AD051742C29A70B0083E9F9 /* StepBarChart.swift */; };
		5AD051772C29ABA70083E9F9 /* HealthMetricContext.swift in Sources */ = {isa = PBXBuildFile; fileRef = 5AD051762C29ABA70083E9F9 /* HealthMetricContext.swift */; };
		5AD0517D2C29B2860083E9F9 /* ChartMath.swift in Sources */ = {isa = PBXBuildFile; fileRef = 5AD0517C2C29B2860083E9F9 /* ChartMath.swift */; };
		5AD0517F2C29B2E30083E9F9 /* ChartDataTypes.swift in Sources */ = {isa = PBXBuildFile; fileRef = 5AD0517E2C29B2E30083E9F9 /* ChartDataTypes.swift */; };
		5AD051822C29B4340083E9F9 /* Date+Ext.swift in Sources */ = {isa = PBXBuildFile; fileRef = 5AD051812C29B4340083E9F9 /* Date+Ext.swift */; };
		5AD051852C29B6E90083E9F9 /* Algorithms in Frameworks */ = {isa = PBXBuildFile; productRef = 5AD051842C29B6E90083E9F9 /* Algorithms */; };
		5AD051872C29BEE70083E9F9 /* StepPieChart.swift in Sources */ = {isa = PBXBuildFile; fileRef = 5AD051862C29BEE70083E9F9 /* StepPieChart.swift */; };
/* End PBXBuildFile section */

/* Begin PBXFileReference section */
		5A343B172C2C541200AF758C /* WeightLineChart.swift */ = {isa = PBXFileReference; lastKnownFileType = sourcecode.swift; path = WeightLineChart.swift; sourceTree = "<group>"; };
		5A343B1A2C2C55EE00AF758C /* MockData.swift */ = {isa = PBXFileReference; lastKnownFileType = sourcecode.swift; path = MockData.swift; sourceTree = "<group>"; };
		5A343B1C2C2F048D00AF758C /* WeightDiffBarChart.swift */ = {isa = PBXFileReference; lastKnownFileType = sourcecode.swift; path = WeightDiffBarChart.swift; sourceTree = "<group>"; };
		5A343B1E2C344DC000AF758C /* ChartEmptyView.swift */ = {isa = PBXFileReference; lastKnownFileType = sourcecode.swift; path = ChartEmptyView.swift; sourceTree = "<group>"; };
		5A343B242C3C2D8F00AF758C /* ChartContainer.swift */ = {isa = PBXFileReference; lastKnownFileType = sourcecode.swift; path = ChartContainer.swift; sourceTree = "<group>"; };
		5A343B262C3D60E500AF758C /* ChartHelper.swift */ = {isa = PBXFileReference; lastKnownFileType = sourcecode.swift; path = ChartHelper.swift; sourceTree = "<group>"; };
		5A343B282C3D64CB00AF758C /* ChartAnnotationView.swift */ = {isa = PBXFileReference; lastKnownFileType = sourcecode.swift; path = ChartAnnotationView.swift; sourceTree = "<group>"; };
		5AD0515A2C2084F30083E9F9 /* Step Tracker.app */ = {isa = PBXFileReference; explicitFileType = wrapper.application; includeInIndex = 0; path = "Step Tracker.app"; sourceTree = BUILT_PRODUCTS_DIR; };
		5AD0515D2C2084F30083E9F9 /* Step_TrackerApp.swift */ = {isa = PBXFileReference; lastKnownFileType = sourcecode.swift; path = Step_TrackerApp.swift; sourceTree = "<group>"; };
		5AD0515F2C2084F30083E9F9 /* DashboardView.swift */ = {isa = PBXFileReference; lastKnownFileType = sourcecode.swift; path = DashboardView.swift; sourceTree = "<group>"; };
		5AD051612C2084F40083E9F9 /* Assets.xcassets */ = {isa = PBXFileReference; lastKnownFileType = folder.assetcatalog; path = Assets.xcassets; sourceTree = "<group>"; };
		5AD051642C2084F40083E9F9 /* Preview Assets.xcassets */ = {isa = PBXFileReference; lastKnownFileType = folder.assetcatalog; path = "Preview Assets.xcassets"; sourceTree = "<group>"; };
		5AD0516B2C2323980083E9F9 /* HealthDataListView.swift */ = {isa = PBXFileReference; lastKnownFileType = sourcecode.swift; path = HealthDataListView.swift; sourceTree = "<group>"; };
		5AD0516D2C2330240083E9F9 /* HealthKitPremissionPrimingView.swift */ = {isa = PBXFileReference; lastKnownFileType = sourcecode.swift; path = HealthKitPremissionPrimingView.swift; sourceTree = "<group>"; };
		5AD0516F2C2448DA0083E9F9 /* Step Tracker.entitlements */ = {isa = PBXFileReference; lastKnownFileType = text.plist.entitlements; path = "Step Tracker.entitlements"; sourceTree = "<group>"; };
		5AD051702C244C150083E9F9 /* HealthKitManager.swift */ = {isa = PBXFileReference; lastKnownFileType = sourcecode.swift; path = HealthKitManager.swift; sourceTree = "<group>"; };
		5AD051722C247BB50083E9F9 /* HealthMetric.swift */ = {isa = PBXFileReference; lastKnownFileType = sourcecode.swift; path = HealthMetric.swift; sourceTree = "<group>"; };
		5AD051742C29A70B0083E9F9 /* StepBarChart.swift */ = {isa = PBXFileReference; lastKnownFileType = sourcecode.swift; path = StepBarChart.swift; sourceTree = "<group>"; };
		5AD051762C29ABA70083E9F9 /* HealthMetricContext.swift */ = {isa = PBXFileReference; lastKnownFileType = sourcecode.swift; path = HealthMetricContext.swift; sourceTree = "<group>"; };
		5AD0517C2C29B2860083E9F9 /* ChartMath.swift */ = {isa = PBXFileReference; lastKnownFileType = sourcecode.swift; path = ChartMath.swift; sourceTree = "<group>"; };
		5AD0517E2C29B2E30083E9F9 /* ChartDataTypes.swift */ = {isa = PBXFileReference; lastKnownFileType = sourcecode.swift; path = ChartDataTypes.swift; sourceTree = "<group>"; };
		5AD051812C29B4340083E9F9 /* Date+Ext.swift */ = {isa = PBXFileReference; lastKnownFileType = sourcecode.swift; path = "Date+Ext.swift"; sourceTree = "<group>"; };
		5AD051862C29BEE70083E9F9 /* StepPieChart.swift */ = {isa = PBXFileReference; lastKnownFileType = sourcecode.swift; path = StepPieChart.swift; sourceTree = "<group>"; };
/* End PBXFileReference section */

/* Begin PBXFrameworksBuildPhase section */
		5AD051572C2084F30083E9F9 /* Frameworks */ = {
			isa = PBXFrameworksBuildPhase;
			buildActionMask = 2147483647;
			files = (
				5AD051852C29B6E90083E9F9 /* Algorithms in Frameworks */,
			);
			runOnlyForDeploymentPostprocessing = 0;
		};
/* End PBXFrameworksBuildPhase section */

/* Begin PBXGroup section */
		5A343B192C2C55C900AF758C /* Utilities */ = {
			isa = PBXGroup;
			children = (
				5AD051802C29B4180083E9F9 /* Extensions */,
				5A343B1A2C2C55EE00AF758C /* MockData.swift */,
			);
			path = Utilities;
			sourceTree = "<group>";
		};
		5AD051512C2084F30083E9F9 = {
			isa = PBXGroup;
			children = (
				5AD0515C2C2084F30083E9F9 /* Step Tracker */,
				5AD0515B2C2084F30083E9F9 /* Products */,
			);
			sourceTree = "<group>";
		};
		5AD0515B2C2084F30083E9F9 /* Products */ = {
			isa = PBXGroup;
			children = (
				5AD0515A2C2084F30083E9F9 /* Step Tracker.app */,
			);
			name = Products;
			sourceTree = "<group>";
		};
		5AD0515C2C2084F30083E9F9 /* Step Tracker */ = {
			isa = PBXGroup;
			children = (
				5AD0516F2C2448DA0083E9F9 /* Step Tracker.entitlements */,
				5AD0515D2C2084F30083E9F9 /* Step_TrackerApp.swift */,
				5A343B192C2C55C900AF758C /* Utilities */,
				5AD0517B2C29B0100083E9F9 /* Managers */,
				5AD0517A2C29B0010083E9F9 /* Model */,
				5AD051792C29AF910083E9F9 /* Charts */,
				5AD051782C29AEF10083E9F9 /* Screens */,
				5AD051612C2084F40083E9F9 /* Assets.xcassets */,
				5AD051632C2084F40083E9F9 /* Preview Content */,
			);
			path = "Step Tracker";
			sourceTree = "<group>";
		};
		5AD051632C2084F40083E9F9 /* Preview Content */ = {
			isa = PBXGroup;
			children = (
				5AD051642C2084F40083E9F9 /* Preview Assets.xcassets */,
			);
			path = "Preview Content";
			sourceTree = "<group>";
		};
		5AD051782C29AEF10083E9F9 /* Screens */ = {
			isa = PBXGroup;
			children = (
				5AD0515F2C2084F30083E9F9 /* DashboardView.swift */,
				5AD0516D2C2330240083E9F9 /* HealthKitPremissionPrimingView.swift */,
				5AD0516B2C2323980083E9F9 /* HealthDataListView.swift */,
			);
			path = Screens;
			sourceTree = "<group>";
		};
		5AD051792C29AF910083E9F9 /* Charts */ = {
			isa = PBXGroup;
			children = (
				5AD051742C29A70B0083E9F9 /* StepBarChart.swift */,
				5AD051862C29BEE70083E9F9 /* StepPieChart.swift */,
				5A343B172C2C541200AF758C /* WeightLineChart.swift */,
				5A343B1C2C2F048D00AF758C /* WeightDiffBarChart.swift */,
				5AD0517C2C29B2860083E9F9 /* ChartMath.swift */,
				5AD0517E2C29B2E30083E9F9 /* ChartDataTypes.swift */,
				5A343B242C3C2D8F00AF758C /* ChartContainer.swift */,
				5A343B262C3D60E500AF758C /* ChartHelper.swift */,
				5A343B282C3D64CB00AF758C /* ChartAnnotationView.swift */,
				5A343B1E2C344DC000AF758C /* ChartEmptyView.swift */,
			);
			path = Charts;
			sourceTree = "<group>";
		};
		5AD0517A2C29B0010083E9F9 /* Model */ = {
			isa = PBXGroup;
			children = (
				5AD051762C29ABA70083E9F9 /* HealthMetricContext.swift */,
				5AD051722C247BB50083E9F9 /* HealthMetric.swift */,
			);
			path = Model;
			sourceTree = "<group>";
		};
		5AD0517B2C29B0100083E9F9 /* Managers */ = {
			isa = PBXGroup;
			children = (
				5AD051702C244C150083E9F9 /* HealthKitManager.swift */,
			);
			path = Managers;
			sourceTree = "<group>";
		};
		5AD051802C29B4180083E9F9 /* Extensions */ = {
			isa = PBXGroup;
			children = (
				5AD051812C29B4340083E9F9 /* Date+Ext.swift */,
			);
			path = Extensions;
			sourceTree = "<group>";
		};
/* End PBXGroup section */

/* Begin PBXNativeTarget section */
		5AD051592C2084F30083E9F9 /* Step Tracker */ = {
			isa = PBXNativeTarget;
			buildConfigurationList = 5AD051682C2084F40083E9F9 /* Build configuration list for PBXNativeTarget "Step Tracker" */;
			buildPhases = (
				5AD051562C2084F30083E9F9 /* Sources */,
				5AD051572C2084F30083E9F9 /* Frameworks */,
				5AD051582C2084F30083E9F9 /* Resources */,
			);
			buildRules = (
			);
			dependencies = (
			);
			name = "Step Tracker";
			packageProductDependencies = (
				5AD051842C29B6E90083E9F9 /* Algorithms */,
			);
			productName = "Step Tracker";
			productReference = 5AD0515A2C2084F30083E9F9 /* Step Tracker.app */;
			productType = "com.apple.product-type.application";
		};
/* End PBXNativeTarget section */

/* Begin PBXProject section */
		5AD051522C2084F30083E9F9 /* Project object */ = {
			isa = PBXProject;
			attributes = {
				BuildIndependentTargetsInParallel = 1;
				LastSwiftUpdateCheck = 1540;
				LastUpgradeCheck = 1540;
				TargetAttributes = {
					5AD051592C2084F30083E9F9 = {
						CreatedOnToolsVersion = 15.4;
					};
				};
			};
			buildConfigurationList = 5AD051552C2084F30083E9F9 /* Build configuration list for PBXProject "Step Tracker" */;
			compatibilityVersion = "Xcode 14.0";
			developmentRegion = en;
			hasScannedForEncodings = 0;
			knownRegions = (
				en,
				Base,
			);
			mainGroup = 5AD051512C2084F30083E9F9;
			packageReferences = (
				5AD051832C29B6E90083E9F9 /* XCRemoteSwiftPackageReference "swift-algorithms" */,
			);
			productRefGroup = 5AD0515B2C2084F30083E9F9 /* Products */;
			projectDirPath = "";
			projectRoot = "";
			targets = (
				5AD051592C2084F30083E9F9 /* Step Tracker */,
			);
		};
/* End PBXProject section */

/* Begin PBXResourcesBuildPhase section */
		5AD051582C2084F30083E9F9 /* Resources */ = {
			isa = PBXResourcesBuildPhase;
			buildActionMask = 2147483647;
			files = (
				5AD051652C2084F40083E9F9 /* Preview Assets.xcassets in Resources */,
				5AD051622C2084F40083E9F9 /* Assets.xcassets in Resources */,
			);
			runOnlyForDeploymentPostprocessing = 0;
		};
/* End PBXResourcesBuildPhase section */

/* Begin PBXSourcesBuildPhase section */
		5AD051562C2084F30083E9F9 /* Sources */ = {
			isa = PBXSourcesBuildPhase;
			buildActionMask = 2147483647;
			files = (
				5AD0517D2C29B2860083E9F9 /* ChartMath.swift in Sources */,
				5AD0516C2C2323980083E9F9 /* HealthDataListView.swift in Sources */,
				5A343B272C3D60E500AF758C /* ChartHelper.swift in Sources */,
				5A343B252C3C2D8F00AF758C /* ChartContainer.swift in Sources */,
				5AD051602C2084F30083E9F9 /* DashboardView.swift in Sources */,
				5AD051752C29A70B0083E9F9 /* StepBarChart.swift in Sources */,
				5AD051772C29ABA70083E9F9 /* HealthMetricContext.swift in Sources */,
				5A343B292C3D64CB00AF758C /* ChartAnnotationView.swift in Sources */,
				5A343B1B2C2C55EE00AF758C /* MockData.swift in Sources */,
				5AD0515E2C2084F30083E9F9 /* Step_TrackerApp.swift in Sources */,
				5AD051822C29B4340083E9F9 /* Date+Ext.swift in Sources */,
				5AD0517F2C29B2E30083E9F9 /* ChartDataTypes.swift in Sources */,
				5A343B182C2C541200AF758C /* WeightLineChart.swift in Sources */,
				5AD051712C244C150083E9F9 /* HealthKitManager.swift in Sources */,
				5A343B1F2C344DC000AF758C /* ChartEmptyView.swift in Sources */,
				5AD051872C29BEE70083E9F9 /* StepPieChart.swift in Sources */,
				5A343B1D2C2F048D00AF758C /* WeightDiffBarChart.swift in Sources */,
				5AD0516E2C2330240083E9F9 /* HealthKitPremissionPrimingView.swift in Sources */,
				5AD051732C247BB50083E9F9 /* HealthMetric.swift in Sources */,
			);
			runOnlyForDeploymentPostprocessing = 0;
		};
/* End PBXSourcesBuildPhase section */

/* Begin XCBuildConfiguration section */
		5AD051662C2084F40083E9F9 /* Debug */ = {
			isa = XCBuildConfiguration;
			buildSettings = {
				ALWAYS_SEARCH_USER_PATHS = NO;
				ASSETCATALOG_COMPILER_GENERATE_SWIFT_ASSET_SYMBOL_EXTENSIONS = YES;
				CLANG_ANALYZER_NONNULL = YES;
				CLANG_ANALYZER_NUMBER_OBJECT_CONVERSION = YES_AGGRESSIVE;
				CLANG_CXX_LANGUAGE_STANDARD = "gnu++20";
				CLANG_ENABLE_MODULES = YES;
				CLANG_ENABLE_OBJC_ARC = YES;
				CLANG_ENABLE_OBJC_WEAK = YES;
				CLANG_WARN_BLOCK_CAPTURE_AUTORELEASING = YES;
				CLANG_WARN_BOOL_CONVERSION = YES;
				CLANG_WARN_COMMA = YES;
				CLANG_WARN_CONSTANT_CONVERSION = YES;
				CLANG_WARN_DEPRECATED_OBJC_IMPLEMENTATIONS = YES;
				CLANG_WARN_DIRECT_OBJC_ISA_USAGE = YES_ERROR;
				CLANG_WARN_DOCUMENTATION_COMMENTS = YES;
				CLANG_WARN_EMPTY_BODY = YES;
				CLANG_WARN_ENUM_CONVERSION = YES;
				CLANG_WARN_INFINITE_RECURSION = YES;
				CLANG_WARN_INT_CONVERSION = YES;
				CLANG_WARN_NON_LITERAL_NULL_CONVERSION = YES;
				CLANG_WARN_OBJC_IMPLICIT_RETAIN_SELF = YES;
				CLANG_WARN_OBJC_LITERAL_CONVERSION = YES;
				CLANG_WARN_OBJC_ROOT_CLASS = YES_ERROR;
				CLANG_WARN_QUOTED_INCLUDE_IN_FRAMEWORK_HEADER = YES;
				CLANG_WARN_RANGE_LOOP_ANALYSIS = YES;
				CLANG_WARN_STRICT_PROTOTYPES = YES;
				CLANG_WARN_SUSPICIOUS_MOVE = YES;
				CLANG_WARN_UNGUARDED_AVAILABILITY = YES_AGGRESSIVE;
				CLANG_WARN_UNREACHABLE_CODE = YES;
				CLANG_WARN__DUPLICATE_METHOD_MATCH = YES;
				COPY_PHASE_STRIP = NO;
				DEBUG_INFORMATION_FORMAT = dwarf;
				ENABLE_STRICT_OBJC_MSGSEND = YES;
				ENABLE_TESTABILITY = YES;
				ENABLE_USER_SCRIPT_SANDBOXING = YES;
				GCC_C_LANGUAGE_STANDARD = gnu17;
				GCC_DYNAMIC_NO_PIC = NO;
				GCC_NO_COMMON_BLOCKS = YES;
				GCC_OPTIMIZATION_LEVEL = 0;
				GCC_PREPROCESSOR_DEFINITIONS = (
					"DEBUG=1",
					"$(inherited)",
				);
				GCC_WARN_64_TO_32_BIT_CONVERSION = YES;
				GCC_WARN_ABOUT_RETURN_TYPE = YES_ERROR;
				GCC_WARN_UNDECLARED_SELECTOR = YES;
				GCC_WARN_UNINITIALIZED_AUTOS = YES_AGGRESSIVE;
				GCC_WARN_UNUSED_FUNCTION = YES;
				GCC_WARN_UNUSED_VARIABLE = YES;
				IPHONEOS_DEPLOYMENT_TARGET = 17.5;
				LOCALIZATION_PREFERS_STRING_CATALOGS = YES;
				MTL_ENABLE_DEBUG_INFO = INCLUDE_SOURCE;
				MTL_FAST_MATH = YES;
				ONLY_ACTIVE_ARCH = YES;
				SDKROOT = iphoneos;
				SWIFT_ACTIVE_COMPILATION_CONDITIONS = "DEBUG $(inherited)";
				SWIFT_OPTIMIZATION_LEVEL = "-Onone";
			};
			name = Debug;
		};
		5AD051672C2084F40083E9F9 /* Release */ = {
			isa = XCBuildConfiguration;
			buildSettings = {
				ALWAYS_SEARCH_USER_PATHS = NO;
				ASSETCATALOG_COMPILER_GENERATE_SWIFT_ASSET_SYMBOL_EXTENSIONS = YES;
				CLANG_ANALYZER_NONNULL = YES;
				CLANG_ANALYZER_NUMBER_OBJECT_CONVERSION = YES_AGGRESSIVE;
				CLANG_CXX_LANGUAGE_STANDARD = "gnu++20";
				CLANG_ENABLE_MODULES = YES;
				CLANG_ENABLE_OBJC_ARC = YES;
				CLANG_ENABLE_OBJC_WEAK = YES;
				CLANG_WARN_BLOCK_CAPTURE_AUTORELEASING = YES;
				CLANG_WARN_BOOL_CONVERSION = YES;
				CLANG_WARN_COMMA = YES;
				CLANG_WARN_CONSTANT_CONVERSION = YES;
				CLANG_WARN_DEPRECATED_OBJC_IMPLEMENTATIONS = YES;
				CLANG_WARN_DIRECT_OBJC_ISA_USAGE = YES_ERROR;
				CLANG_WARN_DOCUMENTATION_COMMENTS = YES;
				CLANG_WARN_EMPTY_BODY = YES;
				CLANG_WARN_ENUM_CONVERSION = YES;
				CLANG_WARN_INFINITE_RECURSION = YES;
				CLANG_WARN_INT_CONVERSION = YES;
				CLANG_WARN_NON_LITERAL_NULL_CONVERSION = YES;
				CLANG_WARN_OBJC_IMPLICIT_RETAIN_SELF = YES;
				CLANG_WARN_OBJC_LITERAL_CONVERSION = YES;
				CLANG_WARN_OBJC_ROOT_CLASS = YES_ERROR;
				CLANG_WARN_QUOTED_INCLUDE_IN_FRAMEWORK_HEADER = YES;
				CLANG_WARN_RANGE_LOOP_ANALYSIS = YES;
				CLANG_WARN_STRICT_PROTOTYPES = YES;
				CLANG_WARN_SUSPICIOUS_MOVE = YES;
				CLANG_WARN_UNGUARDED_AVAILABILITY = YES_AGGRESSIVE;
				CLANG_WARN_UNREACHABLE_CODE = YES;
				CLANG_WARN__DUPLICATE_METHOD_MATCH = YES;
				COPY_PHASE_STRIP = NO;
				DEBUG_INFORMATION_FORMAT = "dwarf-with-dsym";
				ENABLE_NS_ASSERTIONS = NO;
				ENABLE_STRICT_OBJC_MSGSEND = YES;
				ENABLE_USER_SCRIPT_SANDBOXING = YES;
				GCC_C_LANGUAGE_STANDARD = gnu17;
				GCC_NO_COMMON_BLOCKS = YES;
				GCC_WARN_64_TO_32_BIT_CONVERSION = YES;
				GCC_WARN_ABOUT_RETURN_TYPE = YES_ERROR;
				GCC_WARN_UNDECLARED_SELECTOR = YES;
				GCC_WARN_UNINITIALIZED_AUTOS = YES_AGGRESSIVE;
				GCC_WARN_UNUSED_FUNCTION = YES;
				GCC_WARN_UNUSED_VARIABLE = YES;
				IPHONEOS_DEPLOYMENT_TARGET = 17.5;
				LOCALIZATION_PREFERS_STRING_CATALOGS = YES;
				MTL_ENABLE_DEBUG_INFO = NO;
				MTL_FAST_MATH = YES;
				SDKROOT = iphoneos;
				SWIFT_COMPILATION_MODE = wholemodule;
				VALIDATE_PRODUCT = YES;
			};
			name = Release;
		};
		5AD051692C2084F40083E9F9 /* Debug */ = {
			isa = XCBuildConfiguration;
			buildSettings = {
				ASSETCATALOG_COMPILER_APPICON_NAME = AppIcon;
				ASSETCATALOG_COMPILER_GLOBAL_ACCENT_COLOR_NAME = AccentColor;
				CODE_SIGN_ENTITLEMENTS = "Step Tracker/Step Tracker.entitlements";
				CODE_SIGN_STYLE = Automatic;
				CURRENT_PROJECT_VERSION = 1;
				DEVELOPMENT_ASSET_PATHS = "\"Step Tracker/Preview Content\"";
				DEVELOPMENT_TEAM = J43673834C;
				ENABLE_PREVIEWS = YES;
				GENERATE_INFOPLIST_FILE = YES;
				INFOPLIST_KEY_NSHealthShareUsageDescription = "The app shows your step and weight data in an interactive chart.";
				INFOPLIST_KEY_NSHealthUpdateUsageDescription = "The app allows to add step and weight data to App Health.";
				INFOPLIST_KEY_UIApplicationSceneManifest_Generation = YES;
				INFOPLIST_KEY_UIApplicationSupportsIndirectInputEvents = YES;
				INFOPLIST_KEY_UILaunchScreen_Generation = YES;
				INFOPLIST_KEY_UISupportedInterfaceOrientations_iPad = "UIInterfaceOrientationPortrait UIInterfaceOrientationPortraitUpsideDown UIInterfaceOrientationLandscapeLeft UIInterfaceOrientationLandscapeRight";
				INFOPLIST_KEY_UISupportedInterfaceOrientations_iPhone = "UIInterfaceOrientationPortrait UIInterfaceOrientationLandscapeLeft UIInterfaceOrientationLandscapeRight";
				LD_RUNPATH_SEARCH_PATHS = (
					"$(inherited)",
					"@executable_path/Frameworks",
				);
				MARKETING_VERSION = 1.0;
				PRODUCT_BUNDLE_IDENTIFIER = "com.netoloboapps.Step-Tracker";
				PRODUCT_NAME = "$(TARGET_NAME)";
				SWIFT_EMIT_LOC_STRINGS = YES;
				SWIFT_VERSION = 5.0;
				TARGETED_DEVICE_FAMILY = "1,2";
			};
			name = Debug;
		};
		5AD0516A2C2084F40083E9F9 /* Release */ = {
			isa = XCBuildConfiguration;
			buildSettings = {
				ASSETCATALOG_COMPILER_APPICON_NAME = AppIcon;
				ASSETCATALOG_COMPILER_GLOBAL_ACCENT_COLOR_NAME = AccentColor;
				CODE_SIGN_ENTITLEMENTS = "Step Tracker/Step Tracker.entitlements";
				CODE_SIGN_STYLE = Automatic;
				CURRENT_PROJECT_VERSION = 1;
				DEVELOPMENT_ASSET_PATHS = "\"Step Tracker/Preview Content\"";
				DEVELOPMENT_TEAM = J43673834C;
				ENABLE_PREVIEWS = YES;
				GENERATE_INFOPLIST_FILE = YES;
				INFOPLIST_KEY_NSHealthShareUsageDescription = "The app shows your step and weight data in an interactive chart.";
				INFOPLIST_KEY_NSHealthUpdateUsageDescription = "The app allows to add step and weight data to App Health.";
				INFOPLIST_KEY_UIApplicationSceneManifest_Generation = YES;
				INFOPLIST_KEY_UIApplicationSupportsIndirectInputEvents = YES;
				INFOPLIST_KEY_UILaunchScreen_Generation = YES;
				INFOPLIST_KEY_UISupportedInterfaceOrientations_iPad = "UIInterfaceOrientationPortrait UIInterfaceOrientationPortraitUpsideDown UIInterfaceOrientationLandscapeLeft UIInterfaceOrientationLandscapeRight";
				INFOPLIST_KEY_UISupportedInterfaceOrientations_iPhone = "UIInterfaceOrientationPortrait UIInterfaceOrientationLandscapeLeft UIInterfaceOrientationLandscapeRight";
				LD_RUNPATH_SEARCH_PATHS = (
					"$(inherited)",
					"@executable_path/Frameworks",
				);
				MARKETING_VERSION = 1.0;
				PRODUCT_BUNDLE_IDENTIFIER = "com.netoloboapps.Step-Tracker";
				PRODUCT_NAME = "$(TARGET_NAME)";
				SWIFT_EMIT_LOC_STRINGS = YES;
				SWIFT_VERSION = 5.0;
				TARGETED_DEVICE_FAMILY = "1,2";
			};
			name = Release;
		};
/* End XCBuildConfiguration section */

/* Begin XCConfigurationList section */
		5AD051552C2084F30083E9F9 /* Build configuration list for PBXProject "Step Tracker" */ = {
			isa = XCConfigurationList;
			buildConfigurations = (
				5AD051662C2084F40083E9F9 /* Debug */,
				5AD051672C2084F40083E9F9 /* Release */,
			);
			defaultConfigurationIsVisible = 0;
			defaultConfigurationName = Release;
		};
		5AD051682C2084F40083E9F9 /* Build configuration list for PBXNativeTarget "Step Tracker" */ = {
			isa = XCConfigurationList;
			buildConfigurations = (
				5AD051692C2084F40083E9F9 /* Debug */,
				5AD0516A2C2084F40083E9F9 /* Release */,
			);
			defaultConfigurationIsVisible = 0;
			defaultConfigurationName = Release;
		};
/* End XCConfigurationList section */

/* Begin XCRemoteSwiftPackageReference section */
		5AD051832C29B6E90083E9F9 /* XCRemoteSwiftPackageReference "swift-algorithms" */ = {
			isa = XCRemoteSwiftPackageReference;
			repositoryURL = "https://github.com/apple/swift-algorithms.git";
			requirement = {
				kind = upToNextMajorVersion;
				minimumVersion = 1.2.0;
			};
		};
/* End XCRemoteSwiftPackageReference section */

/* Begin XCSwiftPackageProductDependency section */
		5AD051842C29B6E90083E9F9 /* Algorithms */ = {
			isa = XCSwiftPackageProductDependency;
			package = 5AD051832C29B6E90083E9F9 /* XCRemoteSwiftPackageReference "swift-algorithms" */;
			productName = Algorithms;
		};
/* End XCSwiftPackageProductDependency section */
	};
	rootObject = 5AD051522C2084F30083E9F9 /* Project object */;
}
